
Microsoft Visual Studio Solution File, Format Version 12.00
# Visual Studio Version 16
VisualStudioVersion = 16.0.31410.357
MinimumVisualStudioVersion = 10.0.40219.1
Project("{FAE04EC0-301F-11D3-BF4B-00C04F79EFBC}") = "Steg_Ref_Stack", "Steg_Ref_Stack\Steg_Ref_Stack.csproj", "{CBB461CC-79F3-43A7-A941-1239E7EBF326}"
EndProject
Project("{2150E333-8FDC-42A3-9474-1A3956D46DE8}") = "Solution Items", "Solution Items", "{0E9295FD-6F96-4FA7-B0CD-7BEF9294D12E}"
EndProject
Global
	GlobalSection(SolutionConfigurationPlatforms) = preSolution
		Debug|Any CPU = Debug|Any CPU
		Release|Any CPU = Release|Any CPU
	EndGlobalSection
	GlobalSection(ProjectConfigurationPlatforms) = postSolution
		{CBB461CC-79F3-43A7-A941-1239E7EBF326}.Debug|Any CPU.ActiveCfg = Debug|Any CPU
		{CBB461CC-79F3-43A7-A941-1239E7EBF326}.Debug|Any CPU.Build.0 = Debug|Any CPU
		{CBB461CC-79F3-43A7-A941-1239E7EBF326}.Release|Any CPU.ActiveCfg = Release|Any CPU
		{CBB461CC-79F3-43A7-A941-1239E7EBF326}.Release|Any CPU.Build.0 = Release|Any CPU
	EndGlobalSection
	GlobalSection(SolutionProperties) = preSolution
		HideSolutionNode = FALSE
	EndGlobalSection
	GlobalSection(ExtensibilityGlobals) = postSolution
		SolutionGuid = {0197A447-B33D-416D-B5CA-1F2B77B5A2FD}
	EndGlobalSection
	GlobalSection(Performance) = preSolution
		HasPerformanceSessions = true
	EndGlobalSection
EndGlobal
